
Microsoft Visual Studio Solution File, Format Version 12.00
<<<<<<< HEAD
# Visual Studio 2015
=======
# Visual Studio 2017
>>>>>>> 04cb4f0fdbea5807059dd95c6bc63562baa077d9
Project("{FAE04EC0-301F-11D3-BF4B-00C04F79EFBC}") = "STD - GGJ", "STD - GGJ.csproj", "{B38C21EC-4B98-F90D-AE80-4D71A1F32C56}"
EndProject
Global
	GlobalSection(SolutionConfigurationPlatforms) = preSolution
		Debug|Any CPU = Debug|Any CPU
		Release|Any CPU = Release|Any CPU
	EndGlobalSection
	GlobalSection(ProjectConfigurationPlatforms) = postSolution
		{B38C21EC-4B98-F90D-AE80-4D71A1F32C56}.Debug|Any CPU.ActiveCfg = Debug|Any CPU
		{B38C21EC-4B98-F90D-AE80-4D71A1F32C56}.Debug|Any CPU.Build.0 = Debug|Any CPU
		{B38C21EC-4B98-F90D-AE80-4D71A1F32C56}.Release|Any CPU.ActiveCfg = Release|Any CPU
		{B38C21EC-4B98-F90D-AE80-4D71A1F32C56}.Release|Any CPU.Build.0 = Release|Any CPU
	EndGlobalSection
	GlobalSection(SolutionProperties) = preSolution
		HideSolutionNode = FALSE
	EndGlobalSection
EndGlobal
